{
    "name": "pbt-inspector",
    "version": "0.0.1",
    "lockfileVersion": 3,
    "requires": true,
    "packages": {
        "": {
            "name": "pbt-inspector",
            "version": "0.0.1",
            "devDependencies": {},
            "engines": {
                "vscode": "^1.70.0"
            }
        }
    }
}
